
Microsoft Visual Studio Solution File, Format Version 12.00
# Visual Studio Version 17
VisualStudioVersion = 17.9.34714.143
MinimumVisualStudioVersion = 10.0.40219.1
Project("{FAE04EC0-301F-11D3-BF4B-00C04F79EFBC}") = "UAI-HIPERMERCADO", "UAI-HIPERMERCADO\UAI-HIPERMERCADO.csproj", "{59A62723-F004-4334-ABF7-9E0D2B02ED1E}"
EndProject
Project("{FAE04EC0-301F-11D3-BF4B-00C04F79EFBC}") = "BE", "BE\BE.csproj", "{51220151-B051-4D77-BDCE-F95A802FAB2B}"
EndProject
Project("{FAE04EC0-301F-11D3-BF4B-00C04F79EFBC}") = "NEGOCIO_BLL", "BLL\NEGOCIO_BLL.csproj", "{F62C2214-6D0D-4F08-9538-A13F5A4DFFD7}"
EndProject
Project("{FAE04EC0-301F-11D3-BF4B-00C04F79EFBC}") = "MPP", "MPP\MPP.csproj", "{756FB008-038F-4F7A-B5ED-BBAFEE606086}"
EndProject
Project("{FAE04EC0-301F-11D3-BF4B-00C04F79EFBC}") = "DAL", "DAL\DAL.csproj", "{B2B52291-6185-4FF3-8179-12DC1457C9F0}"
EndProject
Project("{FAE04EC0-301F-11D3-BF4B-00C04F79EFBC}") = "Seguridad", "Seguridad\Seguridad.csproj", "{C5DCD7B4-C8D6-4428-A2F8-0FC6FADF3D3C}"
EndProject
Global
	GlobalSection(SolutionConfigurationPlatforms) = preSolution
		Debug|Any CPU = Debug|Any CPU
		Release|Any CPU = Release|Any CPU
	EndGlobalSection
	GlobalSection(ProjectConfigurationPlatforms) = postSolution
		{59A62723-F004-4334-ABF7-9E0D2B02ED1E}.Debug|Any CPU.ActiveCfg = Debug|Any CPU
		{59A62723-F004-4334-ABF7-9E0D2B02ED1E}.Debug|Any CPU.Build.0 = Debug|Any CPU
		{59A62723-F004-4334-ABF7-9E0D2B02ED1E}.Release|Any CPU.ActiveCfg = Release|Any CPU
		{59A62723-F004-4334-ABF7-9E0D2B02ED1E}.Release|Any CPU.Build.0 = Release|Any CPU
		{51220151-B051-4D77-BDCE-F95A802FAB2B}.Debug|Any CPU.ActiveCfg = Debug|Any CPU
		{51220151-B051-4D77-BDCE-F95A802FAB2B}.Debug|Any CPU.Build.0 = Debug|Any CPU
		{51220151-B051-4D77-BDCE-F95A802FAB2B}.Release|Any CPU.ActiveCfg = Release|Any CPU
		{51220151-B051-4D77-BDCE-F95A802FAB2B}.Release|Any CPU.Build.0 = Release|Any CPU
		{F62C2214-6D0D-4F08-9538-A13F5A4DFFD7}.Debug|Any CPU.ActiveCfg = Debug|Any CPU
		{F62C2214-6D0D-4F08-9538-A13F5A4DFFD7}.Debug|Any CPU.Build.0 = Debug|Any CPU
		{F62C2214-6D0D-4F08-9538-A13F5A4DFFD7}.Release|Any CPU.ActiveCfg = Release|Any CPU
		{F62C2214-6D0D-4F08-9538-A13F5A4DFFD7}.Release|Any CPU.Build.0 = Release|Any CPU
		{756FB008-038F-4F7A-B5ED-BBAFEE606086}.Debug|Any CPU.ActiveCfg = Debug|Any CPU
		{756FB008-038F-4F7A-B5ED-BBAFEE606086}.Debug|Any CPU.Build.0 = Debug|Any CPU
		{756FB008-038F-4F7A-B5ED-BBAFEE606086}.Release|Any CPU.ActiveCfg = Release|Any CPU
		{756FB008-038F-4F7A-B5ED-BBAFEE606086}.Release|Any CPU.Build.0 = Release|Any CPU
		{B2B52291-6185-4FF3-8179-12DC1457C9F0}.Debug|Any CPU.ActiveCfg = Debug|Any CPU
		{B2B52291-6185-4FF3-8179-12DC1457C9F0}.Debug|Any CPU.Build.0 = Debug|Any CPU
		{B2B52291-6185-4FF3-8179-12DC1457C9F0}.Release|Any CPU.ActiveCfg = Release|Any CPU
		{B2B52291-6185-4FF3-8179-12DC1457C9F0}.Release|Any CPU.Build.0 = Release|Any CPU
		{C5DCD7B4-C8D6-4428-A2F8-0FC6FADF3D3C}.Debug|Any CPU.ActiveCfg = Debug|Any CPU
		{C5DCD7B4-C8D6-4428-A2F8-0FC6FADF3D3C}.Debug|Any CPU.Build.0 = Debug|Any CPU
		{C5DCD7B4-C8D6-4428-A2F8-0FC6FADF3D3C}.Release|Any CPU.ActiveCfg = Release|Any CPU
		{C5DCD7B4-C8D6-4428-A2F8-0FC6FADF3D3C}.Release|Any CPU.Build.0 = Release|Any CPU
	EndGlobalSection
	GlobalSection(SolutionProperties) = preSolution
		HideSolutionNode = FALSE
	EndGlobalSection
	GlobalSection(ExtensibilityGlobals) = postSolution
		SolutionGuid = {39AA9BC5-CAF7-4566-AE6E-0B95699E55F9}
	EndGlobalSection
EndGlobal
